
Microsoft Visual Studio Solution File, Format Version 12.00
# Visual Studio Version 17
VisualStudioVersion = 17.3.32819.101
MinimumVisualStudioVersion = 10.0.40219.1
Project("{FAE04EC0-301F-11D3-BF4B-00C04F79EFBC}") = "Team1WumpusGame", "Team1WumpusGame\Team1WumpusGame.csproj", "{EF57CB55-6A1D-4B9F-B9CC-162400D6F14C}"
EndProject
Global
	GlobalSection(SolutionConfigurationPlatforms) = preSolution
		Debug|Any CPU = Debug|Any CPU
		Release|Any CPU = Release|Any CPU
	EndGlobalSection
	GlobalSection(ProjectConfigurationPlatforms) = postSolution
		{EF57CB55-6A1D-4B9F-B9CC-162400D6F14C}.Debug|Any CPU.ActiveCfg = Debug|Any CPU
		{EF57CB55-6A1D-4B9F-B9CC-162400D6F14C}.Debug|Any CPU.Build.0 = Debug|Any CPU
		{EF57CB55-6A1D-4B9F-B9CC-162400D6F14C}.Release|Any CPU.ActiveCfg = Release|Any CPU
		{EF57CB55-6A1D-4B9F-B9CC-162400D6F14C}.Release|Any CPU.Build.0 = Release|Any CPU
	EndGlobalSection
	GlobalSection(SolutionProperties) = preSolution
		HideSolutionNode = FALSE
	EndGlobalSection
	GlobalSection(ExtensibilityGlobals) = postSolution
		SolutionGuid = {999CF756-1DB7-4534-BEA5-7D2AFEE55295}
	EndGlobalSection
EndGlobal
