
Microsoft Visual Studio Solution File, Format Version 12.00
# Visual Studio Version 17
VisualStudioVersion = 17.3.32819.101
MinimumVisualStudioVersion = 10.0.40219.1
Project("{FAE04EC0-301F-11D3-BF4B-00C04F79EFBC}") = "WumpusTest", "WumpusTest\WumpusTest.csproj", "{27CDB3DB-7842-476A-AAA2-F0AE118B3E54}"
EndProject
Global
	GlobalSection(SolutionConfigurationPlatforms) = preSolution
		Debug|Any CPU = Debug|Any CPU
		Release|Any CPU = Release|Any CPU
	EndGlobalSection
	GlobalSection(ProjectConfigurationPlatforms) = postSolution
		{27CDB3DB-7842-476A-AAA2-F0AE118B3E54}.Debug|Any CPU.ActiveCfg = Debug|Any CPU
		{27CDB3DB-7842-476A-AAA2-F0AE118B3E54}.Debug|Any CPU.Build.0 = Debug|Any CPU
		{27CDB3DB-7842-476A-AAA2-F0AE118B3E54}.Release|Any CPU.ActiveCfg = Release|Any CPU
		{27CDB3DB-7842-476A-AAA2-F0AE118B3E54}.Release|Any CPU.Build.0 = Release|Any CPU
	EndGlobalSection
	GlobalSection(SolutionProperties) = preSolution
		HideSolutionNode = FALSE
	EndGlobalSection
	GlobalSection(ExtensibilityGlobals) = postSolution
		SolutionGuid = {95B10ADE-97C5-420D-9CD8-97BDF0F990DC}
	EndGlobalSection
EndGlobal
